// !$*UTF8*$!
{
	archiveVersion = 1;
	classes = {
	};
	objectVersion = 55;
	objects = {

/* Begin PBXBuildFile section */
		FCB25F19287EA9130086F8B2 /* AppDelegate.swift in Sources */ = {isa = PBXBuildFile; fileRef = FCB25F18287EA9130086F8B2 /* AppDelegate.swift */; };
		FCB25F1B287EA9130086F8B2 /* SceneDelegate.swift in Sources */ = {isa = PBXBuildFile; fileRef = FCB25F1A287EA9130086F8B2 /* SceneDelegate.swift */; };
		FCB25F22287EA9150086F8B2 /* Assets.xcassets in Resources */ = {isa = PBXBuildFile; fileRef = FCB25F21287EA9150086F8B2 /* Assets.xcassets */; };
		FCB25F25287EA9150086F8B2 /* LaunchScreen.storyboard in Resources */ = {isa = PBXBuildFile; fileRef = FCB25F23287EA9150086F8B2 /* LaunchScreen.storyboard */; };
		FCB25F30287EA9150086F8B2 /* SampleSignTests.swift in Sources */ = {isa = PBXBuildFile; fileRef = FCB25F2F287EA9150086F8B2 /* SampleSignTests.swift */; };
		FCB25F3A287EA9150086F8B2 /* SampleSignUITests.swift in Sources */ = {isa = PBXBuildFile; fileRef = FCB25F39287EA9150086F8B2 /* SampleSignUITests.swift */; };
		FCB25F3C287EA9150086F8B2 /* SampleSignUITestsLaunchTests.swift in Sources */ = {isa = PBXBuildFile; fileRef = FCB25F3B287EA9150086F8B2 /* SampleSignUITestsLaunchTests.swift */; };
		FCB25F50287EAB7C0086F8B2 /* Firebase.swift in Sources */ = {isa = PBXBuildFile; fileRef = FCB25F4F287EAB7C0086F8B2 /* Firebase.swift */; };
		FCB25F52287EABA40086F8B2 /* SignUpViewModel.swift in Sources */ = {isa = PBXBuildFile; fileRef = FCB25F51287EABA40086F8B2 /* SignUpViewModel.swift */; };
		FCB25F54287EABB50086F8B2 /* SignInViewModel.swift in Sources */ = {isa = PBXBuildFile; fileRef = FCB25F53287EABB50086F8B2 /* SignInViewModel.swift */; };
		FCB25F56287EABD70086F8B2 /* SignUp.storyboard in Resources */ = {isa = PBXBuildFile; fileRef = FCB25F55287EABD70086F8B2 /* SignUp.storyboard */; };
		FCB25F58287EABF10086F8B2 /* SignUpViewController.swift in Sources */ = {isa = PBXBuildFile; fileRef = FCB25F57287EABF10086F8B2 /* SignUpViewController.swift */; };
		FCB25F5A287EAC010086F8B2 /* SignIn.storyboard in Resources */ = {isa = PBXBuildFile; fileRef = FCB25F59287EAC010086F8B2 /* SignIn.storyboard */; };
		FCB25F5C287EAC1B0086F8B2 /* SignInViewController.swift in Sources */ = {isa = PBXBuildFile; fileRef = FCB25F5B287EAC1B0086F8B2 /* SignInViewController.swift */; };
		FCB25F5E287EAD250086F8B2 /* User.swift in Sources */ = {isa = PBXBuildFile; fileRef = FCB25F5D287EAD250086F8B2 /* User.swift */; };
		FCB25F61287EB1E80086F8B2 /* FirebaseAuth in Frameworks */ = {isa = PBXBuildFile; productRef = FCB25F60287EB1E80086F8B2 /* FirebaseAuth */; };
		FCB25F63287EB1E80086F8B2 /* FirebaseAuthCombine-Community in Frameworks */ = {isa = PBXBuildFile; productRef = FCB25F62287EB1E80086F8B2 /* FirebaseAuthCombine-Community */; };
		FCB25F65287EB1E80086F8B2 /* FirebaseFirestore in Frameworks */ = {isa = PBXBuildFile; productRef = FCB25F64287EB1E80086F8B2 /* FirebaseFirestore */; };
		FCB25F67287EB1E80086F8B2 /* FirebaseFirestoreCombine-Community in Frameworks */ = {isa = PBXBuildFile; productRef = FCB25F66287EB1E80086F8B2 /* FirebaseFirestoreCombine-Community */; };
		FCB25F69287EB1E80086F8B2 /* FirebaseFirestoreSwift in Frameworks */ = {isa = PBXBuildFile; productRef = FCB25F68287EB1E80086F8B2 /* FirebaseFirestoreSwift */; };
		FCB25F6B287EB1E80086F8B2 /* FirebaseStorage in Frameworks */ = {isa = PBXBuildFile; productRef = FCB25F6A287EB1E80086F8B2 /* FirebaseStorage */; };
		FCB25F6D287EB1E80086F8B2 /* FirebaseStorageCombine-Community in Frameworks */ = {isa = PBXBuildFile; productRef = FCB25F6C287EB1E80086F8B2 /* FirebaseStorageCombine-Community */; };
		FCB25F70287EB22A0086F8B2 /* RxCocoa in Frameworks */ = {isa = PBXBuildFile; productRef = FCB25F6F287EB22A0086F8B2 /* RxCocoa */; };
		FCB25F72287EB22A0086F8B2 /* RxRelay in Frameworks */ = {isa = PBXBuildFile; productRef = FCB25F71287EB22A0086F8B2 /* RxRelay */; };
		FCB25F74287EB22A0086F8B2 /* RxSwift in Frameworks */ = {isa = PBXBuildFile; productRef = FCB25F73287EB22A0086F8B2 /* RxSwift */; };
		FCB25F77287EB26A0086F8B2 /* RxOptional in Frameworks */ = {isa = PBXBuildFile; productRef = FCB25F76287EB26A0086F8B2 /* RxOptional */; };
/* End PBXBuildFile section */

/* Begin PBXContainerItemProxy section */
		FCB25F2C287EA9150086F8B2 /* PBXContainerItemProxy */ = {
			isa = PBXContainerItemProxy;
			containerPortal = FCB25F0D287EA9130086F8B2 /* Project object */;
			proxyType = 1;
			remoteGlobalIDString = FCB25F14287EA9130086F8B2;
			remoteInfo = SampleSign;
		};
		FCB25F36287EA9150086F8B2 /* PBXContainerItemProxy */ = {
			isa = PBXContainerItemProxy;
			containerPortal = FCB25F0D287EA9130086F8B2 /* Project object */;
			proxyType = 1;
			remoteGlobalIDString = FCB25F14287EA9130086F8B2;
			remoteInfo = SampleSign;
		};
/* End PBXContainerItemProxy section */

/* Begin PBXFileReference section */
		FCB25F15287EA9130086F8B2 /* SampleSign.app */ = {isa = PBXFileReference; explicitFileType = wrapper.application; includeInIndex = 0; path = SampleSign.app; sourceTree = BUILT_PRODUCTS_DIR; };
		FCB25F18287EA9130086F8B2 /* AppDelegate.swift */ = {isa = PBXFileReference; lastKnownFileType = sourcecode.swift; path = AppDelegate.swift; sourceTree = "<group>"; };
		FCB25F1A287EA9130086F8B2 /* SceneDelegate.swift */ = {isa = PBXFileReference; lastKnownFileType = sourcecode.swift; path = SceneDelegate.swift; sourceTree = "<group>"; };
		FCB25F21287EA9150086F8B2 /* Assets.xcassets */ = {isa = PBXFileReference; lastKnownFileType = folder.assetcatalog; path = Assets.xcassets; sourceTree = "<group>"; };
		FCB25F24287EA9150086F8B2 /* Base */ = {isa = PBXFileReference; lastKnownFileType = file.storyboard; name = Base; path = Base.lproj/LaunchScreen.storyboard; sourceTree = "<group>"; };
		FCB25F26287EA9150086F8B2 /* Info.plist */ = {isa = PBXFileReference; lastKnownFileType = text.plist.xml; path = Info.plist; sourceTree = "<group>"; };
		FCB25F2B287EA9150086F8B2 /* SampleSignTests.xctest */ = {isa = PBXFileReference; explicitFileType = wrapper.cfbundle; includeInIndex = 0; path = SampleSignTests.xctest; sourceTree = BUILT_PRODUCTS_DIR; };
		FCB25F2F287EA9150086F8B2 /* SampleSignTests.swift */ = {isa = PBXFileReference; lastKnownFileType = sourcecode.swift; path = SampleSignTests.swift; sourceTree = "<group>"; };
		FCB25F35287EA9150086F8B2 /* SampleSignUITests.xctest */ = {isa = PBXFileReference; explicitFileType = wrapper.cfbundle; includeInIndex = 0; path = SampleSignUITests.xctest; sourceTree = BUILT_PRODUCTS_DIR; };
		FCB25F39287EA9150086F8B2 /* SampleSignUITests.swift */ = {isa = PBXFileReference; lastKnownFileType = sourcecode.swift; path = SampleSignUITests.swift; sourceTree = "<group>"; };
		FCB25F3B287EA9150086F8B2 /* SampleSignUITestsLaunchTests.swift */ = {isa = PBXFileReference; lastKnownFileType = sourcecode.swift; path = SampleSignUITestsLaunchTests.swift; sourceTree = "<group>"; };
		FCB25F4F287EAB7C0086F8B2 /* Firebase.swift */ = {isa = PBXFileReference; lastKnownFileType = sourcecode.swift; path = Firebase.swift; sourceTree = "<group>"; };
		FCB25F51287EABA40086F8B2 /* SignUpViewModel.swift */ = {isa = PBXFileReference; lastKnownFileType = sourcecode.swift; path = SignUpViewModel.swift; sourceTree = "<group>"; };
		FCB25F53287EABB50086F8B2 /* SignInViewModel.swift */ = {isa = PBXFileReference; lastKnownFileType = sourcecode.swift; path = SignInViewModel.swift; sourceTree = "<group>"; };
		FCB25F55287EABD70086F8B2 /* SignUp.storyboard */ = {isa = PBXFileReference; lastKnownFileType = file.storyboard; path = SignUp.storyboard; sourceTree = "<group>"; };
		FCB25F57287EABF10086F8B2 /* SignUpViewController.swift */ = {isa = PBXFileReference; lastKnownFileType = sourcecode.swift; path = SignUpViewController.swift; sourceTree = "<group>"; };
		FCB25F59287EAC010086F8B2 /* SignIn.storyboard */ = {isa = PBXFileReference; lastKnownFileType = file.storyboard; path = SignIn.storyboard; sourceTree = "<group>"; };
		FCB25F5B287EAC1B0086F8B2 /* SignInViewController.swift */ = {isa = PBXFileReference; lastKnownFileType = sourcecode.swift; path = SignInViewController.swift; sourceTree = "<group>"; };
		FCB25F5D287EAD250086F8B2 /* User.swift */ = {isa = PBXFileReference; lastKnownFileType = sourcecode.swift; path = User.swift; sourceTree = "<group>"; };
/* End PBXFileReference section */

/* Begin PBXFrameworksBuildPhase section */
		FCB25F12287EA9130086F8B2 /* Frameworks */ = {
			isa = PBXFrameworksBuildPhase;
			buildActionMask = 2147483647;
			files = (
				FCB25F72287EB22A0086F8B2 /* RxRelay in Frameworks */,
				FCB25F69287EB1E80086F8B2 /* FirebaseFirestoreSwift in Frameworks */,
				FCB25F74287EB22A0086F8B2 /* RxSwift in Frameworks */,
				FCB25F6D287EB1E80086F8B2 /* FirebaseStorageCombine-Community in Frameworks */,
				FCB25F77287EB26A0086F8B2 /* RxOptional in Frameworks */,
				FCB25F61287EB1E80086F8B2 /* FirebaseAuth in Frameworks */,
				FCB25F67287EB1E80086F8B2 /* FirebaseFirestoreCombine-Community in Frameworks */,
				FCB25F63287EB1E80086F8B2 /* FirebaseAuthCombine-Community in Frameworks */,
				FCB25F65287EB1E80086F8B2 /* FirebaseFirestore in Frameworks */,
				FCB25F70287EB22A0086F8B2 /* RxCocoa in Frameworks */,
				FCB25F6B287EB1E80086F8B2 /* FirebaseStorage in Frameworks */,
			);
			runOnlyForDeploymentPostprocessing = 0;
		};
		FCB25F28287EA9150086F8B2 /* Frameworks */ = {
			isa = PBXFrameworksBuildPhase;
			buildActionMask = 2147483647;
			files = (
			);
			runOnlyForDeploymentPostprocessing = 0;
		};
		FCB25F32287EA9150086F8B2 /* Frameworks */ = {
			isa = PBXFrameworksBuildPhase;
			buildActionMask = 2147483647;
			files = (
			);
			runOnlyForDeploymentPostprocessing = 0;
		};
/* End PBXFrameworksBuildPhase section */

/* Begin PBXGroup section */
		FCB25F0C287EA9130086F8B2 = {
			isa = PBXGroup;
			children = (
				FCB25F17287EA9130086F8B2 /* SampleSign */,
				FCB25F2E287EA9150086F8B2 /* SampleSignTests */,
				FCB25F38287EA9150086F8B2 /* SampleSignUITests */,
				FCB25F16287EA9130086F8B2 /* Products */,
			);
			sourceTree = "<group>";
		};
		FCB25F16287EA9130086F8B2 /* Products */ = {
			isa = PBXGroup;
			children = (
				FCB25F15287EA9130086F8B2 /* SampleSign.app */,
				FCB25F2B287EA9150086F8B2 /* SampleSignTests.xctest */,
				FCB25F35287EA9150086F8B2 /* SampleSignUITests.xctest */,
			);
			name = Products;
			sourceTree = "<group>";
		};
		FCB25F17287EA9130086F8B2 /* SampleSign */ = {
			isa = PBXGroup;
			children = (
				FCB25F18287EA9130086F8B2 /* AppDelegate.swift */,
				FCB25F1A287EA9130086F8B2 /* SceneDelegate.swift */,
				FCB25F4B287EAAF90086F8B2 /* Model */,
				FCB25F49287EAAE70086F8B2 /* View */,
				FCB25F48287EAAD50086F8B2 /* ViewModel */,
				FCB25F4C287EAB090086F8B2 /* Utility */,
				FCB25F21287EA9150086F8B2 /* Assets.xcassets */,
				FCB25F23287EA9150086F8B2 /* LaunchScreen.storyboard */,
				FCB25F26287EA9150086F8B2 /* Info.plist */,
			);
			path = SampleSign;
			sourceTree = "<group>";
		};
		FCB25F2E287EA9150086F8B2 /* SampleSignTests */ = {
			isa = PBXGroup;
			children = (
				FCB25F2F287EA9150086F8B2 /* SampleSignTests.swift */,
			);
			path = SampleSignTests;
			sourceTree = "<group>";
		};
		FCB25F38287EA9150086F8B2 /* SampleSignUITests */ = {
			isa = PBXGroup;
			children = (
				FCB25F39287EA9150086F8B2 /* SampleSignUITests.swift */,
				FCB25F3B287EA9150086F8B2 /* SampleSignUITestsLaunchTests.swift */,
			);
			path = SampleSignUITests;
			sourceTree = "<group>";
		};
		FCB25F48287EAAD50086F8B2 /* ViewModel */ = {
			isa = PBXGroup;
			children = (
				FCB25F51287EABA40086F8B2 /* SignUpViewModel.swift */,
				FCB25F53287EABB50086F8B2 /* SignInViewModel.swift */,
			);
			path = ViewModel;
			sourceTree = "<group>";
		};
		FCB25F49287EAAE70086F8B2 /* View */ = {
			isa = PBXGroup;
			children = (
				FCB25F55287EABD70086F8B2 /* SignUp.storyboard */,
				FCB25F57287EABF10086F8B2 /* SignUpViewController.swift */,
				FCB25F59287EAC010086F8B2 /* SignIn.storyboard */,
				FCB25F5B287EAC1B0086F8B2 /* SignInViewController.swift */,
			);
			path = View;
			sourceTree = "<group>";
		};
		FCB25F4B287EAAF90086F8B2 /* Model */ = {
			isa = PBXGroup;
			children = (
				FCB25F5D287EAD250086F8B2 /* User.swift */,
			);
			path = Model;
			sourceTree = "<group>";
		};
		FCB25F4C287EAB090086F8B2 /* Utility */ = {
			isa = PBXGroup;
			children = (
				FCB25F4F287EAB7C0086F8B2 /* Firebase.swift */,
			);
			path = Utility;
			sourceTree = "<group>";
		};
/* End PBXGroup section */

/* Begin PBXNativeTarget section */
		FCB25F14287EA9130086F8B2 /* SampleSign */ = {
			isa = PBXNativeTarget;
			buildConfigurationList = FCB25F3F287EA9150086F8B2 /* Build configuration list for PBXNativeTarget "SampleSign" */;
			buildPhases = (
				FCB25F11287EA9130086F8B2 /* Sources */,
				FCB25F12287EA9130086F8B2 /* Frameworks */,
				FCB25F13287EA9130086F8B2 /* Resources */,
			);
			buildRules = (
			);
			dependencies = (
			);
			name = SampleSign;
			packageProductDependencies = (
				FCB25F60287EB1E80086F8B2 /* FirebaseAuth */,
				FCB25F62287EB1E80086F8B2 /* FirebaseAuthCombine-Community */,
				FCB25F64287EB1E80086F8B2 /* FirebaseFirestore */,
				FCB25F66287EB1E80086F8B2 /* FirebaseFirestoreCombine-Community */,
				FCB25F68287EB1E80086F8B2 /* FirebaseFirestoreSwift */,
				FCB25F6A287EB1E80086F8B2 /* FirebaseStorage */,
				FCB25F6C287EB1E80086F8B2 /* FirebaseStorageCombine-Community */,
				FCB25F6F287EB22A0086F8B2 /* RxCocoa */,
				FCB25F71287EB22A0086F8B2 /* RxRelay */,
				FCB25F73287EB22A0086F8B2 /* RxSwift */,
				FCB25F76287EB26A0086F8B2 /* RxOptional */,
			);
			productName = SampleSign;
			productReference = FCB25F15287EA9130086F8B2 /* SampleSign.app */;
			productType = "com.apple.product-type.application";
		};
		FCB25F2A287EA9150086F8B2 /* SampleSignTests */ = {
			isa = PBXNativeTarget;
			buildConfigurationList = FCB25F42287EA9150086F8B2 /* Build configuration list for PBXNativeTarget "SampleSignTests" */;
			buildPhases = (
				FCB25F27287EA9150086F8B2 /* Sources */,
				FCB25F28287EA9150086F8B2 /* Frameworks */,
				FCB25F29287EA9150086F8B2 /* Resources */,
			);
			buildRules = (
			);
			dependencies = (
				FCB25F2D287EA9150086F8B2 /* PBXTargetDependency */,
			);
			name = SampleSignTests;
			productName = SampleSignTests;
			productReference = FCB25F2B287EA9150086F8B2 /* SampleSignTests.xctest */;
			productType = "com.apple.product-type.bundle.unit-test";
		};
		FCB25F34287EA9150086F8B2 /* SampleSignUITests */ = {
			isa = PBXNativeTarget;
			buildConfigurationList = FCB25F45287EA9150086F8B2 /* Build configuration list for PBXNativeTarget "SampleSignUITests" */;
			buildPhases = (
				FCB25F31287EA9150086F8B2 /* Sources */,
				FCB25F32287EA9150086F8B2 /* Frameworks */,
				FCB25F33287EA9150086F8B2 /* Resources */,
			);
			buildRules = (
			);
			dependencies = (
				FCB25F37287EA9150086F8B2 /* PBXTargetDependency */,
			);
			name = SampleSignUITests;
			productName = SampleSignUITests;
			productReference = FCB25F35287EA9150086F8B2 /* SampleSignUITests.xctest */;
			productType = "com.apple.product-type.bundle.ui-testing";
		};
/* End PBXNativeTarget section */

/* Begin PBXProject section */
		FCB25F0D287EA9130086F8B2 /* Project object */ = {
			isa = PBXProject;
			attributes = {
				BuildIndependentTargetsInParallel = 1;
				LastSwiftUpdateCheck = 1340;
				LastUpgradeCheck = 1340;
				TargetAttributes = {
					FCB25F14287EA9130086F8B2 = {
						CreatedOnToolsVersion = 13.4.1;
					};
					FCB25F2A287EA9150086F8B2 = {
						CreatedOnToolsVersion = 13.4.1;
						TestTargetID = FCB25F14287EA9130086F8B2;
					};
					FCB25F34287EA9150086F8B2 = {
						CreatedOnToolsVersion = 13.4.1;
						TestTargetID = FCB25F14287EA9130086F8B2;
					};
				};
			};
			buildConfigurationList = FCB25F10287EA9130086F8B2 /* Build configuration list for PBXProject "SampleSign" */;
			compatibilityVersion = "Xcode 13.0";
			developmentRegion = en;
			hasScannedForEncodings = 0;
			knownRegions = (
				en,
				Base,
			);
			mainGroup = FCB25F0C287EA9130086F8B2;
			packageReferences = (
				FCB25F5F287EB1E80086F8B2 /* XCRemoteSwiftPackageReference "firebase-ios-sdk" */,
				FCB25F6E287EB22A0086F8B2 /* XCRemoteSwiftPackageReference "RxSwift" */,
				FCB25F75287EB26A0086F8B2 /* XCRemoteSwiftPackageReference "RxOptional" */,
			);
			productRefGroup = FCB25F16287EA9130086F8B2 /* Products */;
			projectDirPath = "";
			projectRoot = "";
			targets = (
				FCB25F14287EA9130086F8B2 /* SampleSign */,
				FCB25F2A287EA9150086F8B2 /* SampleSignTests */,
				FCB25F34287EA9150086F8B2 /* SampleSignUITests */,
			);
		};
/* End PBXProject section */

/* Begin PBXResourcesBuildPhase section */
		FCB25F13287EA9130086F8B2 /* Resources */ = {
			isa = PBXResourcesBuildPhase;
			buildActionMask = 2147483647;
			files = (
				FCB25F5A287EAC010086F8B2 /* SignIn.storyboard in Resources */,
				FCB25F25287EA9150086F8B2 /* LaunchScreen.storyboard in Resources */,
				FCB25F22287EA9150086F8B2 /* Assets.xcassets in Resources */,
				FCB25F56287EABD70086F8B2 /* SignUp.storyboard in Resources */,
			);
			runOnlyForDeploymentPostprocessing = 0;
		};
		FCB25F29287EA9150086F8B2 /* Resources */ = {
			isa = PBXResourcesBuildPhase;
			buildActionMask = 2147483647;
			files = (
			);
			runOnlyForDeploymentPostprocessing = 0;
		};
		FCB25F33287EA9150086F8B2 /* Resources */ = {
			isa = PBXResourcesBuildPhase;
			buildActionMask = 2147483647;
			files = (
			);
			runOnlyForDeploymentPostprocessing = 0;
		};
/* End PBXResourcesBuildPhase section */

/* Begin PBXSourcesBuildPhase section */
		FCB25F11287EA9130086F8B2 /* Sources */ = {
			isa = PBXSourcesBuildPhase;
			buildActionMask = 2147483647;
			files = (
				FCB25F5C287EAC1B0086F8B2 /* SignInViewController.swift in Sources */,
				FCB25F58287EABF10086F8B2 /* SignUpViewController.swift in Sources */,
				FCB25F50287EAB7C0086F8B2 /* Firebase.swift in Sources */,
				FCB25F19287EA9130086F8B2 /* AppDelegate.swift in Sources */,
				FCB25F5E287EAD250086F8B2 /* User.swift in Sources */,
				FCB25F52287EABA40086F8B2 /* SignUpViewModel.swift in Sources */,
				FCB25F1B287EA9130086F8B2 /* SceneDelegate.swift in Sources */,
				FCB25F54287EABB50086F8B2 /* SignInViewModel.swift in Sources */,
			);
			runOnlyForDeploymentPostprocessing = 0;
		};
		FCB25F27287EA9150086F8B2 /* Sources */ = {
			isa = PBXSourcesBuildPhase;
			buildActionMask = 2147483647;
			files = (
				FCB25F30287EA9150086F8B2 /* SampleSignTests.swift in Sources */,
			);
			runOnlyForDeploymentPostprocessing = 0;
		};
		FCB25F31287EA9150086F8B2 /* Sources */ = {
			isa = PBXSourcesBuildPhase;
			buildActionMask = 2147483647;
			files = (
				FCB25F3A287EA9150086F8B2 /* SampleSignUITests.swift in Sources */,
				FCB25F3C287EA9150086F8B2 /* SampleSignUITestsLaunchTests.swift in Sources */,
			);
			runOnlyForDeploymentPostprocessing = 0;
		};
/* End PBXSourcesBuildPhase section */

/* Begin PBXTargetDependency section */
		FCB25F2D287EA9150086F8B2 /* PBXTargetDependency */ = {
			isa = PBXTargetDependency;
			target = FCB25F14287EA9130086F8B2 /* SampleSign */;
			targetProxy = FCB25F2C287EA9150086F8B2 /* PBXContainerItemProxy */;
		};
		FCB25F37287EA9150086F8B2 /* PBXTargetDependency */ = {
			isa = PBXTargetDependency;
			target = FCB25F14287EA9130086F8B2 /* SampleSign */;
			targetProxy = FCB25F36287EA9150086F8B2 /* PBXContainerItemProxy */;
		};
/* End PBXTargetDependency section */

/* Begin PBXVariantGroup section */
		FCB25F23287EA9150086F8B2 /* LaunchScreen.storyboard */ = {
			isa = PBXVariantGroup;
			children = (
				FCB25F24287EA9150086F8B2 /* Base */,
			);
			name = LaunchScreen.storyboard;
			sourceTree = "<group>";
		};
/* End PBXVariantGroup section */

/* Begin XCBuildConfiguration section */
		FCB25F3D287EA9150086F8B2 /* Debug */ = {
			isa = XCBuildConfiguration;
			buildSettings = {
				ALWAYS_SEARCH_USER_PATHS = NO;
				CLANG_ANALYZER_NONNULL = YES;
				CLANG_ANALYZER_NUMBER_OBJECT_CONVERSION = YES_AGGRESSIVE;
				CLANG_CXX_LANGUAGE_STANDARD = "gnu++17";
				CLANG_ENABLE_MODULES = YES;
				CLANG_ENABLE_OBJC_ARC = YES;
				CLANG_ENABLE_OBJC_WEAK = YES;
				CLANG_WARN_BLOCK_CAPTURE_AUTORELEASING = YES;
				CLANG_WARN_BOOL_CONVERSION = YES;
				CLANG_WARN_COMMA = YES;
				CLANG_WARN_CONSTANT_CONVERSION = YES;
				CLANG_WARN_DEPRECATED_OBJC_IMPLEMENTATIONS = YES;
				CLANG_WARN_DIRECT_OBJC_ISA_USAGE = YES_ERROR;
				CLANG_WARN_DOCUMENTATION_COMMENTS = YES;
				CLANG_WARN_EMPTY_BODY = YES;
				CLANG_WARN_ENUM_CONVERSION = YES;
				CLANG_WARN_INFINITE_RECURSION = YES;
				CLANG_WARN_INT_CONVERSION = YES;
				CLANG_WARN_NON_LITERAL_NULL_CONVERSION = YES;
				CLANG_WARN_OBJC_IMPLICIT_RETAIN_SELF = YES;
				CLANG_WARN_OBJC_LITERAL_CONVERSION = YES;
				CLANG_WARN_OBJC_ROOT_CLASS = YES_ERROR;
				CLANG_WARN_QUOTED_INCLUDE_IN_FRAMEWORK_HEADER = YES;
				CLANG_WARN_RANGE_LOOP_ANALYSIS = YES;
				CLANG_WARN_STRICT_PROTOTYPES = YES;
				CLANG_WARN_SUSPICIOUS_MOVE = YES;
				CLANG_WARN_UNGUARDED_AVAILABILITY = YES_AGGRESSIVE;
				CLANG_WARN_UNREACHABLE_CODE = YES;
				CLANG_WARN__DUPLICATE_METHOD_MATCH = YES;
				COPY_PHASE_STRIP = NO;
				DEBUG_INFORMATION_FORMAT = dwarf;
				ENABLE_STRICT_OBJC_MSGSEND = YES;
				ENABLE_TESTABILITY = YES;
				GCC_C_LANGUAGE_STANDARD = gnu11;
				GCC_DYNAMIC_NO_PIC = NO;
				GCC_NO_COMMON_BLOCKS = YES;
				GCC_OPTIMIZATION_LEVEL = 0;
				GCC_PREPROCESSOR_DEFINITIONS = (
					"DEBUG=1",
					"$(inherited)",
				);
				GCC_WARN_64_TO_32_BIT_CONVERSION = YES;
				GCC_WARN_ABOUT_RETURN_TYPE = YES_ERROR;
				GCC_WARN_UNDECLARED_SELECTOR = YES;
				GCC_WARN_UNINITIALIZED_AUTOS = YES_AGGRESSIVE;
				GCC_WARN_UNUSED_FUNCTION = YES;
				GCC_WARN_UNUSED_VARIABLE = YES;
				IPHONEOS_DEPLOYMENT_TARGET = 14.0;
				MTL_ENABLE_DEBUG_INFO = INCLUDE_SOURCE;
				MTL_FAST_MATH = YES;
				ONLY_ACTIVE_ARCH = YES;
				SDKROOT = iphoneos;
				SWIFT_ACTIVE_COMPILATION_CONDITIONS = DEBUG;
				SWIFT_OPTIMIZATION_LEVEL = "-Onone";
			};
			name = Debug;
		};
		FCB25F3E287EA9150086F8B2 /* Release */ = {
			isa = XCBuildConfiguration;
			buildSettings = {
				ALWAYS_SEARCH_USER_PATHS = NO;
				CLANG_ANALYZER_NONNULL = YES;
				CLANG_ANALYZER_NUMBER_OBJECT_CONVERSION = YES_AGGRESSIVE;
				CLANG_CXX_LANGUAGE_STANDARD = "gnu++17";
				CLANG_ENABLE_MODULES = YES;
				CLANG_ENABLE_OBJC_ARC = YES;
				CLANG_ENABLE_OBJC_WEAK = YES;
				CLANG_WARN_BLOCK_CAPTURE_AUTORELEASING = YES;
				CLANG_WARN_BOOL_CONVERSION = YES;
				CLANG_WARN_COMMA = YES;
				CLANG_WARN_CONSTANT_CONVERSION = YES;
				CLANG_WARN_DEPRECATED_OBJC_IMPLEMENTATIONS = YES;
				CLANG_WARN_DIRECT_OBJC_ISA_USAGE = YES_ERROR;
				CLANG_WARN_DOCUMENTATION_COMMENTS = YES;
				CLANG_WARN_EMPTY_BODY = YES;
				CLANG_WARN_ENUM_CONVERSION = YES;
				CLANG_WARN_INFINITE_RECURSION = YES;
				CLANG_WARN_INT_CONVERSION = YES;
				CLANG_WARN_NON_LITERAL_NULL_CONVERSION = YES;
				CLANG_WARN_OBJC_IMPLICIT_RETAIN_SELF = YES;
				CLANG_WARN_OBJC_LITERAL_CONVERSION = YES;
				CLANG_WARN_OBJC_ROOT_CLASS = YES_ERROR;
				CLANG_WARN_QUOTED_INCLUDE_IN_FRAMEWORK_HEADER = YES;
				CLANG_WARN_RANGE_LOOP_ANALYSIS = YES;
				CLANG_WARN_STRICT_PROTOTYPES = YES;
				CLANG_WARN_SUSPICIOUS_MOVE = YES;
				CLANG_WARN_UNGUARDED_AVAILABILITY = YES_AGGRESSIVE;
				CLANG_WARN_UNREACHABLE_CODE = YES;
				CLANG_WARN__DUPLICATE_METHOD_MATCH = YES;
				COPY_PHASE_STRIP = NO;
				DEBUG_INFORMATION_FORMAT = "dwarf-with-dsym";
				ENABLE_NS_ASSERTIONS = NO;
				ENABLE_STRICT_OBJC_MSGSEND = YES;
				GCC_C_LANGUAGE_STANDARD = gnu11;
				GCC_NO_COMMON_BLOCKS = YES;
				GCC_WARN_64_TO_32_BIT_CONVERSION = YES;
				GCC_WARN_ABOUT_RETURN_TYPE = YES_ERROR;
				GCC_WARN_UNDECLARED_SELECTOR = YES;
				GCC_WARN_UNINITIALIZED_AUTOS = YES_AGGRESSIVE;
				GCC_WARN_UNUSED_FUNCTION = YES;
				GCC_WARN_UNUSED_VARIABLE = YES;
				IPHONEOS_DEPLOYMENT_TARGET = 14.0;
				MTL_ENABLE_DEBUG_INFO = NO;
				MTL_FAST_MATH = YES;
				SDKROOT = iphoneos;
				SWIFT_COMPILATION_MODE = wholemodule;
				SWIFT_OPTIMIZATION_LEVEL = "-O";
				VALIDATE_PRODUCT = YES;
			};
			name = Release;
		};
		FCB25F40287EA9150086F8B2 /* Debug */ = {
			isa = XCBuildConfiguration;
			buildSettings = {
				ASSETCATALOG_COMPILER_APPICON_NAME = AppIcon;
				ASSETCATALOG_COMPILER_GLOBAL_ACCENT_COLOR_NAME = AccentColor;
				CODE_SIGN_STYLE = Automatic;
				CURRENT_PROJECT_VERSION = 1;
				GENERATE_INFOPLIST_FILE = YES;
				INFOPLIST_FILE = SampleSign/Info.plist;
				INFOPLIST_KEY_UIApplicationSupportsIndirectInputEvents = YES;
				INFOPLIST_KEY_UILaunchStoryboardName = LaunchScreen;
				INFOPLIST_KEY_UISupportedInterfaceOrientations_iPad = "UIInterfaceOrientationPortrait UIInterfaceOrientationPortraitUpsideDown UIInterfaceOrientationLandscapeLeft UIInterfaceOrientationLandscapeRight";
				INFOPLIST_KEY_UISupportedInterfaceOrientations_iPhone = "UIInterfaceOrientationPortrait UIInterfaceOrientationLandscapeLeft UIInterfaceOrientationLandscapeRight";
				IPHONEOS_DEPLOYMENT_TARGET = 14.0;
				LD_RUNPATH_SEARCH_PATHS = (
					"$(inherited)",
					"@executable_path/Frameworks",
				);
				MARKETING_VERSION = 1.0;
				PRODUCT_BUNDLE_IDENTIFIER = com.tanaka.SampleSign;
				PRODUCT_NAME = "$(TARGET_NAME)";
				SWIFT_EMIT_LOC_STRINGS = YES;
				SWIFT_VERSION = 5.0;
				TARGETED_DEVICE_FAMILY = "1,2";
			};
			name = Debug;
		};
		FCB25F41287EA9150086F8B2 /* Release */ = {
			isa = XCBuildConfiguration;
			buildSettings = {
				ASSETCATALOG_COMPILER_APPICON_NAME = AppIcon;
				ASSETCATALOG_COMPILER_GLOBAL_ACCENT_COLOR_NAME = AccentColor;
				CODE_SIGN_STYLE = Automatic;
				CURRENT_PROJECT_VERSION = 1;
				GENERATE_INFOPLIST_FILE = YES;
				INFOPLIST_FILE = SampleSign/Info.plist;
				INFOPLIST_KEY_UIApplicationSupportsIndirectInputEvents = YES;
				INFOPLIST_KEY_UILaunchStoryboardName = LaunchScreen;
				INFOPLIST_KEY_UISupportedInterfaceOrientations_iPad = "UIInterfaceOrientationPortrait UIInterfaceOrientationPortraitUpsideDown UIInterfaceOrientationLandscapeLeft UIInterfaceOrientationLandscapeRight";
				INFOPLIST_KEY_UISupportedInterfaceOrientations_iPhone = "UIInterfaceOrientationPortrait UIInterfaceOrientationLandscapeLeft UIInterfaceOrientationLandscapeRight";
				IPHONEOS_DEPLOYMENT_TARGET = 14.0;
				LD_RUNPATH_SEARCH_PATHS = (
					"$(inherited)",
					"@executable_path/Frameworks",
				);
				MARKETING_VERSION = 1.0;
				PRODUCT_BUNDLE_IDENTIFIER = com.tanaka.SampleSign;
				PRODUCT_NAME = "$(TARGET_NAME)";
				SWIFT_EMIT_LOC_STRINGS = YES;
				SWIFT_VERSION = 5.0;
				TARGETED_DEVICE_FAMILY = "1,2";
			};
			name = Release;
		};
		FCB25F43287EA9150086F8B2 /* Debug */ = {
			isa = XCBuildConfiguration;
			buildSettings = {
				ALWAYS_EMBED_SWIFT_STANDARD_LIBRARIES = YES;
				BUNDLE_LOADER = "$(TEST_HOST)";
				CODE_SIGN_STYLE = Automatic;
				CURRENT_PROJECT_VERSION = 1;
				GENERATE_INFOPLIST_FILE = YES;
				IPHONEOS_DEPLOYMENT_TARGET = 15.5;
				MARKETING_VERSION = 1.0;
				PRODUCT_BUNDLE_IDENTIFIER = com.tanaka.SampleSignTests;
				PRODUCT_NAME = "$(TARGET_NAME)";
				SWIFT_EMIT_LOC_STRINGS = NO;
				SWIFT_VERSION = 5.0;
				TARGETED_DEVICE_FAMILY = "1,2";
				TEST_HOST = "$(BUILT_PRODUCTS_DIR)/SampleSign.app/SampleSign";
			};
			name = Debug;
		};
		FCB25F44287EA9150086F8B2 /* Release */ = {
			isa = XCBuildConfiguration;
			buildSettings = {
				ALWAYS_EMBED_SWIFT_STANDARD_LIBRARIES = YES;
				BUNDLE_LOADER = "$(TEST_HOST)";
				CODE_SIGN_STYLE = Automatic;
				CURRENT_PROJECT_VERSION = 1;
				GENERATE_INFOPLIST_FILE = YES;
				IPHONEOS_DEPLOYMENT_TARGET = 15.5;
				MARKETING_VERSION = 1.0;
				PRODUCT_BUNDLE_IDENTIFIER = com.tanaka.SampleSignTests;
				PRODUCT_NAME = "$(TARGET_NAME)";
				SWIFT_EMIT_LOC_STRINGS = NO;
				SWIFT_VERSION = 5.0;
				TARGETED_DEVICE_FAMILY = "1,2";
				TEST_HOST = "$(BUILT_PRODUCTS_DIR)/SampleSign.app/SampleSign";
			};
			name = Release;
		};
		FCB25F46287EA9150086F8B2 /* Debug */ = {
			isa = XCBuildConfiguration;
			buildSettings = {
				ALWAYS_EMBED_SWIFT_STANDARD_LIBRARIES = YES;
				CODE_SIGN_STYLE = Automatic;
				CURRENT_PROJECT_VERSION = 1;
				GENERATE_INFOPLIST_FILE = YES;
				MARKETING_VERSION = 1.0;
				PRODUCT_BUNDLE_IDENTIFIER = com.tanaka.SampleSignUITests;
				PRODUCT_NAME = "$(TARGET_NAME)";
				SWIFT_EMIT_LOC_STRINGS = NO;
				SWIFT_VERSION = 5.0;
				TARGETED_DEVICE_FAMILY = "1,2";
				TEST_TARGET_NAME = SampleSign;
			};
			name = Debug;
		};
		FCB25F47287EA9150086F8B2 /* Release */ = {
			isa = XCBuildConfiguration;
			buildSettings = {
				ALWAYS_EMBED_SWIFT_STANDARD_LIBRARIES = YES;
				CODE_SIGN_STYLE = Automatic;
				CURRENT_PROJECT_VERSION = 1;
				GENERATE_INFOPLIST_FILE = YES;
				MARKETING_VERSION = 1.0;
				PRODUCT_BUNDLE_IDENTIFIER = com.tanaka.SampleSignUITests;
				PRODUCT_NAME = "$(TARGET_NAME)";
				SWIFT_EMIT_LOC_STRINGS = NO;
				SWIFT_VERSION = 5.0;
				TARGETED_DEVICE_FAMILY = "1,2";
				TEST_TARGET_NAME = SampleSign;
			};
			name = Release;
		};
/* End XCBuildConfiguration section */

/* Begin XCConfigurationList section */
		FCB25F10287EA9130086F8B2 /* Build configuration list for PBXProject "SampleSign" */ = {
			isa = XCConfigurationList;
			buildConfigurations = (
				FCB25F3D287EA9150086F8B2 /* Debug */,
				FCB25F3E287EA9150086F8B2 /* Release */,
			);
			defaultConfigurationIsVisible = 0;
			defaultConfigurationName = Release;
		};
		FCB25F3F287EA9150086F8B2 /* Build configuration list for PBXNativeTarget "SampleSign" */ = {
			isa = XCConfigurationList;
			buildConfigurations = (
				FCB25F40287EA9150086F8B2 /* Debug */,
				FCB25F41287EA9150086F8B2 /* Release */,
			);
			defaultConfigurationIsVisible = 0;
			defaultConfigurationName = Release;
		};
		FCB25F42287EA9150086F8B2 /* Build configuration list for PBXNativeTarget "SampleSignTests" */ = {
			isa = XCConfigurationList;
			buildConfigurations = (
				FCB25F43287EA9150086F8B2 /* Debug */,
				FCB25F44287EA9150086F8B2 /* Release */,
			);
			defaultConfigurationIsVisible = 0;
			defaultConfigurationName = Release;
		};
		FCB25F45287EA9150086F8B2 /* Build configuration list for PBXNativeTarget "SampleSignUITests" */ = {
			isa = XCConfigurationList;
			buildConfigurations = (
				FCB25F46287EA9150086F8B2 /* Debug */,
				FCB25F47287EA9150086F8B2 /* Release */,
			);
			defaultConfigurationIsVisible = 0;
			defaultConfigurationName = Release;
		};
/* End XCConfigurationList section */

/* Begin XCRemoteSwiftPackageReference section */
		FCB25F5F287EB1E80086F8B2 /* XCRemoteSwiftPackageReference "firebase-ios-sdk" */ = {
			isa = XCRemoteSwiftPackageReference;
			repositoryURL = "https://github.com/firebase/firebase-ios-sdk.git";
			requirement = {
				kind = upToNextMajorVersion;
				minimumVersion = 9.2.0;
			};
		};
		FCB25F6E287EB22A0086F8B2 /* XCRemoteSwiftPackageReference "RxSwift" */ = {
			isa = XCRemoteSwiftPackageReference;
			repositoryURL = "https://github.com/ReactiveX/RxSwift";
			requirement = {
				kind = upToNextMajorVersion;
				minimumVersion = 6.5.0;
			};
		};
		FCB25F75287EB26A0086F8B2 /* XCRemoteSwiftPackageReference "RxOptional" */ = {
			isa = XCRemoteSwiftPackageReference;
			repositoryURL = "https://github.com/RxSwiftCommunity/RxOptional";
			requirement = {
				kind = upToNextMajorVersion;
				minimumVersion = 5.0.5;
			};
		};
/* End XCRemoteSwiftPackageReference section */

/* Begin XCSwiftPackageProductDependency section */
		FCB25F60287EB1E80086F8B2 /* FirebaseAuth */ = {
			isa = XCSwiftPackageProductDependency;
			package = FCB25F5F287EB1E80086F8B2 /* XCRemoteSwiftPackageReference "firebase-ios-sdk" */;
			productName = FirebaseAuth;
		};
		FCB25F62287EB1E80086F8B2 /* FirebaseAuthCombine-Community */ = {
			isa = XCSwiftPackageProductDependency;
			package = FCB25F5F287EB1E80086F8B2 /* XCRemoteSwiftPackageReference "firebase-ios-sdk" */;
			productName = "FirebaseAuthCombine-Community";
		};
		FCB25F64287EB1E80086F8B2 /* FirebaseFirestore */ = {
			isa = XCSwiftPackageProductDependency;
			package = FCB25F5F287EB1E80086F8B2 /* XCRemoteSwiftPackageReference "firebase-ios-sdk" */;
			productName = FirebaseFirestore;
		};
		FCB25F66287EB1E80086F8B2 /* FirebaseFirestoreCombine-Community */ = {
			isa = XCSwiftPackageProductDependency;
			package = FCB25F5F287EB1E80086F8B2 /* XCRemoteSwiftPackageReference "firebase-ios-sdk" */;
			productName = "FirebaseFirestoreCombine-Community";
		};
		FCB25F68287EB1E80086F8B2 /* FirebaseFirestoreSwift */ = {
			isa = XCSwiftPackageProductDependency;
			package = FCB25F5F287EB1E80086F8B2 /* XCRemoteSwiftPackageReference "firebase-ios-sdk" */;
			productName = FirebaseFirestoreSwift;
		};
		FCB25F6A287EB1E80086F8B2 /* FirebaseStorage */ = {
			isa = XCSwiftPackageProductDependency;
			package = FCB25F5F287EB1E80086F8B2 /* XCRemoteSwiftPackageReference "firebase-ios-sdk" */;
			productName = FirebaseStorage;
		};
		FCB25F6C287EB1E80086F8B2 /* FirebaseStorageCombine-Community */ = {
			isa = XCSwiftPackageProductDependency;
			package = FCB25F5F287EB1E80086F8B2 /* XCRemoteSwiftPackageReference "firebase-ios-sdk" */;
			productName = "FirebaseStorageCombine-Community";
		};
		FCB25F6F287EB22A0086F8B2 /* RxCocoa */ = {
			isa = XCSwiftPackageProductDependency;
			package = FCB25F6E287EB22A0086F8B2 /* XCRemoteSwiftPackageReference "RxSwift" */;
			productName = RxCocoa;
		};
		FCB25F71287EB22A0086F8B2 /* RxRelay */ = {
			isa = XCSwiftPackageProductDependency;
			package = FCB25F6E287EB22A0086F8B2 /* XCRemoteSwiftPackageReference "RxSwift" */;
			productName = RxRelay;
		};
		FCB25F73287EB22A0086F8B2 /* RxSwift */ = {
			isa = XCSwiftPackageProductDependency;
			package = FCB25F6E287EB22A0086F8B2 /* XCRemoteSwiftPackageReference "RxSwift" */;
			productName = RxSwift;
		};
		FCB25F76287EB26A0086F8B2 /* RxOptional */ = {
			isa = XCSwiftPackageProductDependency;
			package = FCB25F75287EB26A0086F8B2 /* XCRemoteSwiftPackageReference "RxOptional" */;
			productName = RxOptional;
		};
/* End XCSwiftPackageProductDependency section */
	};
	rootObject = FCB25F0D287EA9130086F8B2 /* Project object */;
}
